
Microsoft Visual Studio Solution File, Format Version 12.00
# Visual Studio Version 17
VisualStudioVersion = 17.2.32516.85
MinimumVisualStudioVersion = 10.0.40219.1
Project("{9A19103F-16F7-4668-BE54-9A1E7A4F7556}") = "StoicGoose", "StoicGoose\StoicGoose.csproj", "{74BF0AC4-AAC5-4173-9AAF-7ECB7C6D94A5}"
EndProject
Project("{9A19103F-16F7-4668-BE54-9A1E7A4F7556}") = "StoicGoose.Core", "StoicGoose.Core\StoicGoose.Core.csproj", "{1D3566F8-2643-4A91-82CB-CB90D66D33BD}"
EndProject
Project("{9A19103F-16F7-4668-BE54-9A1E7A4F7556}") = "StoicGoose.Common", "StoicGoose.Common\StoicGoose.Common.csproj", "{0E284238-2E79-41B7-8F66-B61E6A1E3253}"
EndProject
Project("{9A19103F-16F7-4668-BE54-9A1E7A4F7556}") = "StoicGoose.GLWindow", "StoicGoose.GLWindow\StoicGoose.GLWindow.csproj", "{4DEBA1D9-848E-4370-8D56-2EA14AC3A1C8}"
EndProject
Global
	GlobalSection(SolutionConfigurationPlatforms) = preSolution
		Debug|Any CPU = Debug|Any CPU
		Release|Any CPU = Release|Any CPU
	EndGlobalSection
	GlobalSection(ProjectConfigurationPlatforms) = postSolution
		{74BF0AC4-AAC5-4173-9AAF-7ECB7C6D94A5}.Debug|Any CPU.ActiveCfg = Debug|Any CPU
		{74BF0AC4-AAC5-4173-9AAF-7ECB7C6D94A5}.Debug|Any CPU.Build.0 = Debug|Any CPU
		{74BF0AC4-AAC5-4173-9AAF-7ECB7C6D94A5}.Release|Any CPU.ActiveCfg = Release|Any CPU
		{74BF0AC4-AAC5-4173-9AAF-7ECB7C6D94A5}.Release|Any CPU.Build.0 = Release|Any CPU
		{1D3566F8-2643-4A91-82CB-CB90D66D33BD}.Debug|Any CPU.ActiveCfg = Debug|Any CPU
		{1D3566F8-2643-4A91-82CB-CB90D66D33BD}.Debug|Any CPU.Build.0 = Debug|Any CPU
		{1D3566F8-2643-4A91-82CB-CB90D66D33BD}.Release|Any CPU.ActiveCfg = Release|Any CPU
		{1D3566F8-2643-4A91-82CB-CB90D66D33BD}.Release|Any CPU.Build.0 = Release|Any CPU
		{0E284238-2E79-41B7-8F66-B61E6A1E3253}.Debug|Any CPU.ActiveCfg = Debug|Any CPU
		{0E284238-2E79-41B7-8F66-B61E6A1E3253}.Debug|Any CPU.Build.0 = Debug|Any CPU
		{0E284238-2E79-41B7-8F66-B61E6A1E3253}.Release|Any CPU.ActiveCfg = Release|Any CPU
		{0E284238-2E79-41B7-8F66-B61E6A1E3253}.Release|Any CPU.Build.0 = Release|Any CPU
		{4DEBA1D9-848E-4370-8D56-2EA14AC3A1C8}.Debug|Any CPU.ActiveCfg = Debug|Any CPU
		{4DEBA1D9-848E-4370-8D56-2EA14AC3A1C8}.Debug|Any CPU.Build.0 = Debug|Any CPU
		{4DEBA1D9-848E-4370-8D56-2EA14AC3A1C8}.Release|Any CPU.ActiveCfg = Release|Any CPU
		{4DEBA1D9-848E-4370-8D56-2EA14AC3A1C8}.Release|Any CPU.Build.0 = Release|Any CPU
	EndGlobalSection
	GlobalSection(SolutionProperties) = preSolution
		HideSolutionNode = FALSE
	EndGlobalSection
	GlobalSection(ExtensibilityGlobals) = postSolution
		SolutionGuid = {E0BC41B7-C726-483F-ACDE-E40934F686DC}
	EndGlobalSection
EndGlobal
